// !$*UTF8*$!
{
	archiveVersion = 1;
	classes = {
	};
	objectVersion = 56;
	objects = {

/* Begin PBXBuildFile section */
		3D4A0FE92AB5BFBD006D9E10 /* FructusApp.swift in Sources */ = {isa = PBXBuildFile; fileRef = 3D4A0FE82AB5BFBD006D9E10 /* FructusApp.swift */; };
		3D4A0FEB2AB5BFBD006D9E10 /* ContentView.swift in Sources */ = {isa = PBXBuildFile; fileRef = 3D4A0FEA2AB5BFBD006D9E10 /* ContentView.swift */; };
		3D4A0FED2AB5BFBE006D9E10 /* Assets.xcassets in Resources */ = {isa = PBXBuildFile; fileRef = 3D4A0FEC2AB5BFBE006D9E10 /* Assets.xcassets */; };
		3D4A0FF02AB5BFBE006D9E10 /* Preview Assets.xcassets in Resources */ = {isa = PBXBuildFile; fileRef = 3D4A0FEF2AB5BFBE006D9E10 /* Preview Assets.xcassets */; };
		3D4A0FFA2AB5C54E006D9E10 /* FruitCardView.swift in Sources */ = {isa = PBXBuildFile; fileRef = 3D4A0FF92AB5C54E006D9E10 /* FruitCardView.swift */; };
		3D4A0FFC2AB5E526006D9E10 /* StartButtonView.swift in Sources */ = {isa = PBXBuildFile; fileRef = 3D4A0FFB2AB5E526006D9E10 /* StartButtonView.swift */; };
		3D4A0FFE2AB5E7F5006D9E10 /* OnboardingView.swift in Sources */ = {isa = PBXBuildFile; fileRef = 3D4A0FFD2AB5E7F5006D9E10 /* OnboardingView.swift */; };
		3D4A10012AB5EAF1006D9E10 /* FruitModel.swift in Sources */ = {isa = PBXBuildFile; fileRef = 3D4A10002AB5EAF1006D9E10 /* FruitModel.swift */; };
		3D4A10042AB5EBD5006D9E10 /* FruitData.swift in Sources */ = {isa = PBXBuildFile; fileRef = 3D4A10032AB5EBD5006D9E10 /* FruitData.swift */; };
		3D4A10062AB6DBBF006D9E10 /* FruitRowView.swift in Sources */ = {isa = PBXBuildFile; fileRef = 3D4A10052AB6DBBF006D9E10 /* FruitRowView.swift */; };
/* End PBXBuildFile section */

/* Begin PBXFileReference section */
		3D4A0FE52AB5BFBD006D9E10 /* Fructus.app */ = {isa = PBXFileReference; explicitFileType = wrapper.application; includeInIndex = 0; path = Fructus.app; sourceTree = BUILT_PRODUCTS_DIR; };
		3D4A0FE82AB5BFBD006D9E10 /* FructusApp.swift */ = {isa = PBXFileReference; lastKnownFileType = sourcecode.swift; path = FructusApp.swift; sourceTree = "<group>"; };
		3D4A0FEA2AB5BFBD006D9E10 /* ContentView.swift */ = {isa = PBXFileReference; lastKnownFileType = sourcecode.swift; path = ContentView.swift; sourceTree = "<group>"; };
		3D4A0FEC2AB5BFBE006D9E10 /* Assets.xcassets */ = {isa = PBXFileReference; lastKnownFileType = folder.assetcatalog; path = Assets.xcassets; sourceTree = "<group>"; };
		3D4A0FEF2AB5BFBE006D9E10 /* Preview Assets.xcassets */ = {isa = PBXFileReference; lastKnownFileType = folder.assetcatalog; path = "Preview Assets.xcassets"; sourceTree = "<group>"; };
		3D4A0FF92AB5C54E006D9E10 /* FruitCardView.swift */ = {isa = PBXFileReference; lastKnownFileType = sourcecode.swift; path = FruitCardView.swift; sourceTree = "<group>"; };
		3D4A0FFB2AB5E526006D9E10 /* StartButtonView.swift */ = {isa = PBXFileReference; lastKnownFileType = sourcecode.swift; path = StartButtonView.swift; sourceTree = "<group>"; };
		3D4A0FFD2AB5E7F5006D9E10 /* OnboardingView.swift */ = {isa = PBXFileReference; lastKnownFileType = sourcecode.swift; path = OnboardingView.swift; sourceTree = "<group>"; };
		3D4A10002AB5EAF1006D9E10 /* FruitModel.swift */ = {isa = PBXFileReference; lastKnownFileType = sourcecode.swift; path = FruitModel.swift; sourceTree = "<group>"; };
		3D4A10032AB5EBD5006D9E10 /* FruitData.swift */ = {isa = PBXFileReference; lastKnownFileType = sourcecode.swift; path = FruitData.swift; sourceTree = "<group>"; };
		3D4A10052AB6DBBF006D9E10 /* FruitRowView.swift */ = {isa = PBXFileReference; lastKnownFileType = sourcecode.swift; path = FruitRowView.swift; sourceTree = "<group>"; };
/* End PBXFileReference section */

/* Begin PBXFrameworksBuildPhase section */
		3D4A0FE22AB5BFBD006D9E10 /* Frameworks */ = {
			isa = PBXFrameworksBuildPhase;
			buildActionMask = 2147483647;
			files = (
			);
			runOnlyForDeploymentPostprocessing = 0;
		};
/* End PBXFrameworksBuildPhase section */

/* Begin PBXGroup section */
		3D4A0FDC2AB5BFBD006D9E10 = {
			isa = PBXGroup;
			children = (
				3D4A0FE72AB5BFBD006D9E10 /* Fructus */,
				3D4A0FE62AB5BFBD006D9E10 /* Products */,
			);
			sourceTree = "<group>";
		};
		3D4A0FE62AB5BFBD006D9E10 /* Products */ = {
			isa = PBXGroup;
			children = (
				3D4A0FE52AB5BFBD006D9E10 /* Fructus.app */,
			);
			name = Products;
			sourceTree = "<group>";
		};
		3D4A0FE72AB5BFBD006D9E10 /* Fructus */ = {
			isa = PBXGroup;
			children = (
				3D4A10022AB5EBC2006D9E10 /* Data */,
				3D4A0FFF2AB5EADB006D9E10 /* Model */,
				3D4A0FF82AB5C4FF006D9E10 /* App */,
				3D4A0FF62AB5C4CD006D9E10 /* View */,
				3D4A0FEC2AB5BFBE006D9E10 /* Assets.xcassets */,
				3D4A0FEE2AB5BFBE006D9E10 /* Preview Content */,
			);
			path = Fructus;
			sourceTree = "<group>";
		};
		3D4A0FEE2AB5BFBE006D9E10 /* Preview Content */ = {
			isa = PBXGroup;
			children = (
				3D4A0FEF2AB5BFBE006D9E10 /* Preview Assets.xcassets */,
			);
			path = "Preview Content";
			sourceTree = "<group>";
		};
		3D4A0FF62AB5C4CD006D9E10 /* View */ = {
			isa = PBXGroup;
			children = (
				3D4A0FF92AB5C54E006D9E10 /* FruitCardView.swift */,
				3D4A0FFB2AB5E526006D9E10 /* StartButtonView.swift */,
				3D4A10052AB6DBBF006D9E10 /* FruitRowView.swift */,
			);
			path = View;
			sourceTree = "<group>";
		};
		3D4A0FF82AB5C4FF006D9E10 /* App */ = {
			isa = PBXGroup;
			children = (
				3D4A0FE82AB5BFBD006D9E10 /* FructusApp.swift */,
				3D4A0FEA2AB5BFBD006D9E10 /* ContentView.swift */,
				3D4A0FFD2AB5E7F5006D9E10 /* OnboardingView.swift */,
			);
			path = App;
			sourceTree = "<group>";
		};
		3D4A0FFF2AB5EADB006D9E10 /* Model */ = {
			isa = PBXGroup;
			children = (
				3D4A10002AB5EAF1006D9E10 /* FruitModel.swift */,
			);
			path = Model;
			sourceTree = "<group>";
		};
		3D4A10022AB5EBC2006D9E10 /* Data */ = {
			isa = PBXGroup;
			children = (
				3D4A10032AB5EBD5006D9E10 /* FruitData.swift */,
			);
			path = Data;
			sourceTree = "<group>";
		};
/* End PBXGroup section */

/* Begin PBXNativeTarget section */
		3D4A0FE42AB5BFBD006D9E10 /* Fructus */ = {
			isa = PBXNativeTarget;
			buildConfigurationList = 3D4A0FF32AB5BFBE006D9E10 /* Build configuration list for PBXNativeTarget "Fructus" */;
			buildPhases = (
				3D4A0FE12AB5BFBD006D9E10 /* Sources */,
				3D4A0FE22AB5BFBD006D9E10 /* Frameworks */,
				3D4A0FE32AB5BFBD006D9E10 /* Resources */,
			);
			buildRules = (
			);
			dependencies = (
			);
			name = Fructus;
			productName = Fructus;
			productReference = 3D4A0FE52AB5BFBD006D9E10 /* Fructus.app */;
			productType = "com.apple.product-type.application";
		};
/* End PBXNativeTarget section */

/* Begin PBXProject section */
		3D4A0FDD2AB5BFBD006D9E10 /* Project object */ = {
			isa = PBXProject;
			attributes = {
				BuildIndependentTargetsInParallel = 1;
				LastSwiftUpdateCheck = 1500;
				LastUpgradeCheck = 1500;
				TargetAttributes = {
					3D4A0FE42AB5BFBD006D9E10 = {
						CreatedOnToolsVersion = 15.0;
					};
				};
			};
			buildConfigurationList = 3D4A0FE02AB5BFBD006D9E10 /* Build configuration list for PBXProject "Fructus" */;
			compatibilityVersion = "Xcode 14.0";
			developmentRegion = en;
			hasScannedForEncodings = 0;
			knownRegions = (
				en,
				Base,
			);
			mainGroup = 3D4A0FDC2AB5BFBD006D9E10;
			productRefGroup = 3D4A0FE62AB5BFBD006D9E10 /* Products */;
			projectDirPath = "";
			projectRoot = "";
			targets = (
				3D4A0FE42AB5BFBD006D9E10 /* Fructus */,
			);
		};
/* End PBXProject section */

/* Begin PBXResourcesBuildPhase section */
		3D4A0FE32AB5BFBD006D9E10 /* Resources */ = {
			isa = PBXResourcesBuildPhase;
			buildActionMask = 2147483647;
			files = (
				3D4A0FF02AB5BFBE006D9E10 /* Preview Assets.xcassets in Resources */,
				3D4A0FED2AB5BFBE006D9E10 /* Assets.xcassets in Resources */,
			);
			runOnlyForDeploymentPostprocessing = 0;
		};
/* End PBXResourcesBuildPhase section */

/* Begin PBXSourcesBuildPhase section */
		3D4A0FE12AB5BFBD006D9E10 /* Sources */ = {
			isa = PBXSourcesBuildPhase;
			buildActionMask = 2147483647;
			files = (
				3D4A10042AB5EBD5006D9E10 /* FruitData.swift in Sources */,
				3D4A0FFA2AB5C54E006D9E10 /* FruitCardView.swift in Sources */,
				3D4A10062AB6DBBF006D9E10 /* FruitRowView.swift in Sources */,
				3D4A0FFC2AB5E526006D9E10 /* StartButtonView.swift in Sources */,
				3D4A0FEB2AB5BFBD006D9E10 /* ContentView.swift in Sources */,
				3D4A0FFE2AB5E7F5006D9E10 /* OnboardingView.swift in Sources */,
				3D4A10012AB5EAF1006D9E10 /* FruitModel.swift in Sources */,
				3D4A0FE92AB5BFBD006D9E10 /* FructusApp.swift in Sources */,
			);
			runOnlyForDeploymentPostprocessing = 0;
		};
/* End PBXSourcesBuildPhase section */

/* Begin XCBuildConfiguration section */
		3D4A0FF12AB5BFBE006D9E10 /* Debug */ = {
			isa = XCBuildConfiguration;
			buildSettings = {
				ALWAYS_SEARCH_USER_PATHS = NO;
				ASSETCATALOG_COMPILER_GENERATE_SWIFT_ASSET_SYMBOL_EXTENSIONS = YES;
				CLANG_ANALYZER_NONNULL = YES;
				CLANG_ANALYZER_NUMBER_OBJECT_CONVERSION = YES_AGGRESSIVE;
				CLANG_CXX_LANGUAGE_STANDARD = "gnu++20";
				CLANG_ENABLE_MODULES = YES;
				CLANG_ENABLE_OBJC_ARC = YES;
				CLANG_ENABLE_OBJC_WEAK = YES;
				CLANG_WARN_BLOCK_CAPTURE_AUTORELEASING = YES;
				CLANG_WARN_BOOL_CONVERSION = YES;
				CLANG_WARN_COMMA = YES;
				CLANG_WARN_CONSTANT_CONVERSION = YES;
				CLANG_WARN_DEPRECATED_OBJC_IMPLEMENTATIONS = YES;
				CLANG_WARN_DIRECT_OBJC_ISA_USAGE = YES_ERROR;
				CLANG_WARN_DOCUMENTATION_COMMENTS = YES;
				CLANG_WARN_EMPTY_BODY = YES;
				CLANG_WARN_ENUM_CONVERSION = YES;
				CLANG_WARN_INFINITE_RECURSION = YES;
				CLANG_WARN_INT_CONVERSION = YES;
				CLANG_WARN_NON_LITERAL_NULL_CONVERSION = YES;
				CLANG_WARN_OBJC_IMPLICIT_RETAIN_SELF = YES;
				CLANG_WARN_OBJC_LITERAL_CONVERSION = YES;
				CLANG_WARN_OBJC_ROOT_CLASS = YES_ERROR;
				CLANG_WARN_QUOTED_INCLUDE_IN_FRAMEWORK_HEADER = YES;
				CLANG_WARN_RANGE_LOOP_ANALYSIS = YES;
				CLANG_WARN_STRICT_PROTOTYPES = YES;
				CLANG_WARN_SUSPICIOUS_MOVE = YES;
				CLANG_WARN_UNGUARDED_AVAILABILITY = YES_AGGRESSIVE;
				CLANG_WARN_UNREACHABLE_CODE = YES;
				CLANG_WARN__DUPLICATE_METHOD_MATCH = YES;
				COPY_PHASE_STRIP = NO;
				DEBUG_INFORMATION_FORMAT = dwarf;
				ENABLE_STRICT_OBJC_MSGSEND = YES;
				ENABLE_TESTABILITY = YES;
				ENABLE_USER_SCRIPT_SANDBOXING = YES;
				GCC_C_LANGUAGE_STANDARD = gnu17;
				GCC_DYNAMIC_NO_PIC = NO;
				GCC_NO_COMMON_BLOCKS = YES;
				GCC_OPTIMIZATION_LEVEL = 0;
				GCC_PREPROCESSOR_DEFINITIONS = (
					"DEBUG=1",
					"$(inherited)",
				);
				GCC_WARN_64_TO_32_BIT_CONVERSION = YES;
				GCC_WARN_ABOUT_RETURN_TYPE = YES_ERROR;
				GCC_WARN_UNDECLARED_SELECTOR = YES;
				GCC_WARN_UNINITIALIZED_AUTOS = YES_AGGRESSIVE;
				GCC_WARN_UNUSED_FUNCTION = YES;
				GCC_WARN_UNUSED_VARIABLE = YES;
				IPHONEOS_DEPLOYMENT_TARGET = 17.0;
				LOCALIZATION_PREFERS_STRING_CATALOGS = YES;
				MTL_ENABLE_DEBUG_INFO = INCLUDE_SOURCE;
				MTL_FAST_MATH = YES;
				ONLY_ACTIVE_ARCH = YES;
				SDKROOT = iphoneos;
				SWIFT_ACTIVE_COMPILATION_CONDITIONS = "DEBUG $(inherited)";
				SWIFT_OPTIMIZATION_LEVEL = "-Onone";
			};
			name = Debug;
		};
		3D4A0FF22AB5BFBE006D9E10 /* Release */ = {
			isa = XCBuildConfiguration;
			buildSettings = {
				ALWAYS_SEARCH_USER_PATHS = NO;
				ASSETCATALOG_COMPILER_GENERATE_SWIFT_ASSET_SYMBOL_EXTENSIONS = YES;
				CLANG_ANALYZER_NONNULL = YES;
				CLANG_ANALYZER_NUMBER_OBJECT_CONVERSION = YES_AGGRESSIVE;
				CLANG_CXX_LANGUAGE_STANDARD = "gnu++20";
				CLANG_ENABLE_MODULES = YES;
				CLANG_ENABLE_OBJC_ARC = YES;
				CLANG_ENABLE_OBJC_WEAK = YES;
				CLANG_WARN_BLOCK_CAPTURE_AUTORELEASING = YES;
				CLANG_WARN_BOOL_CONVERSION = YES;
				CLANG_WARN_COMMA = YES;
				CLANG_WARN_CONSTANT_CONVERSION = YES;
				CLANG_WARN_DEPRECATED_OBJC_IMPLEMENTATIONS = YES;
				CLANG_WARN_DIRECT_OBJC_ISA_USAGE = YES_ERROR;
				CLANG_WARN_DOCUMENTATION_COMMENTS = YES;
				CLANG_WARN_EMPTY_BODY = YES;
				CLANG_WARN_ENUM_CONVERSION = YES;
				CLANG_WARN_INFINITE_RECURSION = YES;
				CLANG_WARN_INT_CONVERSION = YES;
				CLANG_WARN_NON_LITERAL_NULL_CONVERSION = YES;
				CLANG_WARN_OBJC_IMPLICIT_RETAIN_SELF = YES;
				CLANG_WARN_OBJC_LITERAL_CONVERSION = YES;
				CLANG_WARN_OBJC_ROOT_CLASS = YES_ERROR;
				CLANG_WARN_QUOTED_INCLUDE_IN_FRAMEWORK_HEADER = YES;
				CLANG_WARN_RANGE_LOOP_ANALYSIS = YES;
				CLANG_WARN_STRICT_PROTOTYPES = YES;
				CLANG_WARN_SUSPICIOUS_MOVE = YES;
				CLANG_WARN_UNGUARDED_AVAILABILITY = YES_AGGRESSIVE;
				CLANG_WARN_UNREACHABLE_CODE = YES;
				CLANG_WARN__DUPLICATE_METHOD_MATCH = YES;
				COPY_PHASE_STRIP = NO;
				DEBUG_INFORMATION_FORMAT = "dwarf-with-dsym";
				ENABLE_NS_ASSERTIONS = NO;
				ENABLE_STRICT_OBJC_MSGSEND = YES;
				ENABLE_USER_SCRIPT_SANDBOXING = YES;
				GCC_C_LANGUAGE_STANDARD = gnu17;
				GCC_NO_COMMON_BLOCKS = YES;
				GCC_WARN_64_TO_32_BIT_CONVERSION = YES;
				GCC_WARN_ABOUT_RETURN_TYPE = YES_ERROR;
				GCC_WARN_UNDECLARED_SELECTOR = YES;
				GCC_WARN_UNINITIALIZED_AUTOS = YES_AGGRESSIVE;
				GCC_WARN_UNUSED_FUNCTION = YES;
				GCC_WARN_UNUSED_VARIABLE = YES;
				IPHONEOS_DEPLOYMENT_TARGET = 17.0;
				LOCALIZATION_PREFERS_STRING_CATALOGS = YES;
				MTL_ENABLE_DEBUG_INFO = NO;
				MTL_FAST_MATH = YES;
				SDKROOT = iphoneos;
				SWIFT_COMPILATION_MODE = wholemodule;
				VALIDATE_PRODUCT = YES;
			};
			name = Release;
		};
		3D4A0FF42AB5BFBE006D9E10 /* Debug */ = {
			isa = XCBuildConfiguration;
			buildSettings = {
				ASSETCATALOG_COMPILER_APPICON_NAME = AppIcon;
				ASSETCATALOG_COMPILER_GLOBAL_ACCENT_COLOR_NAME = AccentColor;
				CODE_SIGN_STYLE = Automatic;
				CURRENT_PROJECT_VERSION = 1;
				DEVELOPMENT_ASSET_PATHS = "\"Fructus/Preview Content\"";
				ENABLE_PREVIEWS = YES;
				GENERATE_INFOPLIST_FILE = YES;
				INFOPLIST_KEY_UIApplicationSceneManifest_Generation = YES;
				INFOPLIST_KEY_UIApplicationSupportsIndirectInputEvents = YES;
				INFOPLIST_KEY_UILaunchScreen_Generation = YES;
				INFOPLIST_KEY_UISupportedInterfaceOrientations = UIInterfaceOrientationPortrait;
				INFOPLIST_KEY_UISupportedInterfaceOrientations_iPad = "UIInterfaceOrientationLandscapeLeft UIInterfaceOrientationLandscapeRight UIInterfaceOrientationPortrait UIInterfaceOrientationPortraitUpsideDown";
				LD_RUNPATH_SEARCH_PATHS = (
					"$(inherited)",
					"@executable_path/Frameworks",
				);
				MARKETING_VERSION = 1.0;
				PRODUCT_BUNDLE_IDENTIFIER = s.identifier.Fructus;
				PRODUCT_NAME = "$(TARGET_NAME)";
				SWIFT_EMIT_LOC_STRINGS = YES;
				SWIFT_VERSION = 5.0;
				TARGETED_DEVICE_FAMILY = "1,2";
			};
			name = Debug;
		};
		3D4A0FF52AB5BFBE006D9E10 /* Release */ = {
			isa = XCBuildConfiguration;
			buildSettings = {
				ASSETCATALOG_COMPILER_APPICON_NAME = AppIcon;
				ASSETCATALOG_COMPILER_GLOBAL_ACCENT_COLOR_NAME = AccentColor;
				CODE_SIGN_STYLE = Automatic;
				CURRENT_PROJECT_VERSION = 1;
				DEVELOPMENT_ASSET_PATHS = "\"Fructus/Preview Content\"";
				ENABLE_PREVIEWS = YES;
				GENERATE_INFOPLIST_FILE = YES;
				INFOPLIST_KEY_UIApplicationSceneManifest_Generation = YES;
				INFOPLIST_KEY_UIApplicationSupportsIndirectInputEvents = YES;
				INFOPLIST_KEY_UILaunchScreen_Generation = YES;
				INFOPLIST_KEY_UISupportedInterfaceOrientations = UIInterfaceOrientationPortrait;
				INFOPLIST_KEY_UISupportedInterfaceOrientations_iPad = "UIInterfaceOrientationLandscapeLeft UIInterfaceOrientationLandscapeRight UIInterfaceOrientationPortrait UIInterfaceOrientationPortraitUpsideDown";
				LD_RUNPATH_SEARCH_PATHS = (
					"$(inherited)",
					"@executable_path/Frameworks",
				);
				MARKETING_VERSION = 1.0;
				PRODUCT_BUNDLE_IDENTIFIER = s.identifier.Fructus;
				PRODUCT_NAME = "$(TARGET_NAME)";
				SWIFT_EMIT_LOC_STRINGS = YES;
				SWIFT_VERSION = 5.0;
				TARGETED_DEVICE_FAMILY = "1,2";
			};
			name = Release;
		};
/* End XCBuildConfiguration section */

/* Begin XCConfigurationList section */
		3D4A0FE02AB5BFBD006D9E10 /* Build configuration list for PBXProject "Fructus" */ = {
			isa = XCConfigurationList;
			buildConfigurations = (
				3D4A0FF12AB5BFBE006D9E10 /* Debug */,
				3D4A0FF22AB5BFBE006D9E10 /* Release */,
			);
			defaultConfigurationIsVisible = 0;
			defaultConfigurationName = Release;
		};
		3D4A0FF32AB5BFBE006D9E10 /* Build configuration list for PBXNativeTarget "Fructus" */ = {
			isa = XCConfigurationList;
			buildConfigurations = (
				3D4A0FF42AB5BFBE006D9E10 /* Debug */,
				3D4A0FF52AB5BFBE006D9E10 /* Release */,
			);
			defaultConfigurationIsVisible = 0;
			defaultConfigurationName = Release;
		};
/* End XCConfigurationList section */
	};
	rootObject = 3D4A0FDD2AB5BFBD006D9E10 /* Project object */;
}
